// !$*UTF8*$!
{
	archiveVersion = 1;
	classes = {
	};
	objectVersion = 46;
	objects = {

/* Begin PBXBuildFile section */
		40B0C69D1E65266400BA3D11 /* main.m in Sources */ = {isa = PBXBuildFile; fileRef = 40B0C69C1E65266400BA3D11 /* main.m */; };
		40B0C6A01E65266400BA3D11 /* AppDelegate.m in Sources */ = {isa = PBXBuildFile; fileRef = 40B0C69F1E65266400BA3D11 /* AppDelegate.m */; };
		40B0C6A81E65266400BA3D11 /* Assets.xcassets in Resources */ = {isa = PBXBuildFile; fileRef = 40B0C6A71E65266400BA3D11 /* Assets.xcassets */; };
		40B0C6AB1E65266400BA3D11 /* LaunchScreen.storyboard in Resources */ = {isa = PBXBuildFile; fileRef = 40B0C6A91E65266400BA3D11 /* LaunchScreen.storyboard */; };
		40B0C6B81E65289F00BA3D11 /* NumberViewController.m in Sources */ = {isa = PBXBuildFile; fileRef = 40B0C6B61E65289F00BA3D11 /* NumberViewController.m */; };
		40B0C6B91E65289F00BA3D11 /* NumberViewController.xib in Resources */ = {isa = PBXBuildFile; fileRef = 40B0C6B71E65289F00BA3D11 /* NumberViewController.xib */; };
/* End PBXBuildFile section */

/* Begin PBXFileReference section */
		40B0C6981E65266400BA3D11 /* DelegateTest.app */ = {isa = PBXFileReference; explicitFileType = wrapper.application; includeInIndex = 0; path = DelegateTest.app; sourceTree = BUILT_PRODUCTS_DIR; };
		40B0C69C1E65266400BA3D11 /* main.m */ = {isa = PBXFileReference; lastKnownFileType = sourcecode.c.objc; path = main.m; sourceTree = "<group>"; };
		40B0C69E1E65266400BA3D11 /* AppDelegate.h */ = {isa = PBXFileReference; lastKnownFileType = sourcecode.c.h; path = AppDelegate.h; sourceTree = "<group>"; };
		40B0C69F1E65266400BA3D11 /* AppDelegate.m */ = {isa = PBXFileReference; lastKnownFileType = sourcecode.c.objc; path = AppDelegate.m; sourceTree = "<group>"; };
		40B0C6A71E65266400BA3D11 /* Assets.xcassets */ = {isa = PBXFileReference; lastKnownFileType = folder.assetcatalog; path = Assets.xcassets; sourceTree = "<group>"; };
		40B0C6AA1E65266400BA3D11 /* Base */ = {isa = PBXFileReference; lastKnownFileType = file.storyboard; name = Base; path = Base.lproj/LaunchScreen.storyboard; sourceTree = "<group>"; };
		40B0C6AC1E65266400BA3D11 /* Info.plist */ = {isa = PBXFileReference; lastKnownFileType = text.plist.xml; path = Info.plist; sourceTree = "<group>"; };
		40B0C6B51E65289F00BA3D11 /* NumberViewController.h */ = {isa = PBXFileReference; fileEncoding = 4; lastKnownFileType = sourcecode.c.h; path = NumberViewController.h; sourceTree = "<group>"; };
		40B0C6B61E65289F00BA3D11 /* NumberViewController.m */ = {isa = PBXFileReference; fileEncoding = 4; lastKnownFileType = sourcecode.c.objc; path = NumberViewController.m; sourceTree = "<group>"; };
		40B0C6B71E65289F00BA3D11 /* NumberViewController.xib */ = {isa = PBXFileReference; fileEncoding = 4; lastKnownFileType = file.xib; path = NumberViewController.xib; sourceTree = "<group>"; };
/* End PBXFileReference section */

/* Begin PBXFrameworksBuildPhase section */
		40B0C6951E65266400BA3D11 /* Frameworks */ = {
			isa = PBXFrameworksBuildPhase;
			buildActionMask = 2147483647;
			files = (
			);
			runOnlyForDeploymentPostprocessing = 0;
		};
/* End PBXFrameworksBuildPhase section */

/* Begin PBXGroup section */
		40B0C68F1E65266400BA3D11 = {
			isa = PBXGroup;
			children = (
				40B0C69A1E65266400BA3D11 /* DelegateTest */,
				40B0C6991E65266400BA3D11 /* Products */,
			);
			sourceTree = "<group>";
		};
		40B0C6991E65266400BA3D11 /* Products */ = {
			isa = PBXGroup;
			children = (
				40B0C6981E65266400BA3D11 /* DelegateTest.app */,
			);
			name = Products;
			sourceTree = "<group>";
		};
		40B0C69A1E65266400BA3D11 /* DelegateTest */ = {
			isa = PBXGroup;
			children = (
				40B0C69E1E65266400BA3D11 /* AppDelegate.h */,
				40B0C69F1E65266400BA3D11 /* AppDelegate.m */,
				40B0C6B51E65289F00BA3D11 /* NumberViewController.h */,
				40B0C6B61E65289F00BA3D11 /* NumberViewController.m */,
				40B0C6B71E65289F00BA3D11 /* NumberViewController.xib */,
				40B0C6A71E65266400BA3D11 /* Assets.xcassets */,
				40B0C6A91E65266400BA3D11 /* LaunchScreen.storyboard */,
				40B0C6AC1E65266400BA3D11 /* Info.plist */,
				40B0C69B1E65266400BA3D11 /* Supporting Files */,
			);
			path = DelegateTest;
			sourceTree = "<group>";
		};
		40B0C69B1E65266400BA3D11 /* Supporting Files */ = {
			isa = PBXGroup;
			children = (
				40B0C69C1E65266400BA3D11 /* main.m */,
			);
			name = "Supporting Files";
			sourceTree = "<group>";
		};
/* End PBXGroup section */

/* Begin PBXNativeTarget section */
		40B0C6971E65266400BA3D11 /* DelegateTest */ = {
			isa = PBXNativeTarget;
			buildConfigurationList = 40B0C6AF1E65266400BA3D11 /* Build configuration list for PBXNativeTarget "DelegateTest" */;
			buildPhases = (
				40B0C6941E65266400BA3D11 /* Sources */,
				40B0C6951E65266400BA3D11 /* Frameworks */,
				40B0C6961E65266400BA3D11 /* Resources */,
			);
			buildRules = (
			);
			dependencies = (
			);
			name = DelegateTest;
			productName = DelegateTest;
			productReference = 40B0C6981E65266400BA3D11 /* DelegateTest.app */;
			productType = "com.apple.product-type.application";
		};
/* End PBXNativeTarget section */

/* Begin PBXProject section */
		40B0C6901E65266400BA3D11 /* Project object */ = {
			isa = PBXProject;
			attributes = {
				LastUpgradeCheck = 0820;
				ORGANIZATIONNAME = Greenlaw;
				TargetAttributes = {
					40B0C6971E65266400BA3D11 = {
						CreatedOnToolsVersion = 8.2.1;
						ProvisioningStyle = Automatic;
					};
				};
			};
			buildConfigurationList = 40B0C6931E65266400BA3D11 /* Build configuration list for PBXProject "DelegateTest" */;
			compatibilityVersion = "Xcode 3.2";
			developmentRegion = English;
			hasScannedForEncodings = 0;
			knownRegions = (
				en,
				Base,
			);
			mainGroup = 40B0C68F1E65266400BA3D11;
			productRefGroup = 40B0C6991E65266400BA3D11 /* Products */;
			projectDirPath = "";
			projectRoot = "";
			targets = (
				40B0C6971E65266400BA3D11 /* DelegateTest */,
			);
		};
/* End PBXProject section */

/* Begin PBXResourcesBuildPhase section */
		40B0C6961E65266400BA3D11 /* Resources */ = {
			isa = PBXResourcesBuildPhase;
			buildActionMask = 2147483647;
			files = (
				40B0C6B91E65289F00BA3D11 /* NumberViewController.xib in Resources */,
				40B0C6AB1E65266400BA3D11 /* LaunchScreen.storyboard in Resources */,
				40B0C6A81E65266400BA3D11 /* Assets.xcassets in Resources */,
			);
			runOnlyForDeploymentPostprocessing = 0;
		};
/* End PBXResourcesBuildPhase section */

/* Begin PBXSourcesBuildPhase section */
		40B0C6941E65266400BA3D11 /* Sources */ = {
			isa = PBXSourcesBuildPhase;
			buildActionMask = 2147483647;
			files = (
				40B0C6A01E65266400BA3D11 /* AppDelegate.m in Sources */,
				40B0C6B81E65289F00BA3D11 /* NumberViewController.m in Sources */,
				40B0C69D1E65266400BA3D11 /* main.m in Sources */,
			);
			runOnlyForDeploymentPostprocessing = 0;
		};
/* End PBXSourcesBuildPhase section */

/* Begin PBXVariantGroup section */
		40B0C6A91E65266400BA3D11 /* LaunchScreen.storyboard */ = {
			isa = PBXVariantGroup;
			children = (
				40B0C6AA1E65266400BA3D11 /* Base */,
			);
			name = LaunchScreen.storyboard;
			sourceTree = "<group>";
		};
/* End PBXVariantGroup section */

/* Begin XCBuildConfiguration section */
		40B0C6AD1E65266400BA3D11 /* Debug */ = {
			isa = XCBuildConfiguration;
			buildSettings = {
				ALWAYS_SEARCH_USER_PATHS = NO;
				CLANG_ANALYZER_NONNULL = YES;
				CLANG_CXX_LANGUAGE_STANDARD = "gnu++0x";
				CLANG_CXX_LIBRARY = "libc++";
				CLANG_ENABLE_MODULES = YES;
				CLANG_ENABLE_OBJC_ARC = YES;
				CLANG_WARN_BOOL_CONVERSION = YES;
				CLANG_WARN_CONSTANT_CONVERSION = YES;
				CLANG_WARN_DIRECT_OBJC_ISA_USAGE = YES_ERROR;
				CLANG_WARN_DOCUMENTATION_COMMENTS = YES;
				CLANG_WARN_EMPTY_BODY = YES;
				CLANG_WARN_ENUM_CONVERSION = YES;
				CLANG_WARN_INFINITE_RECURSION = YES;
				CLANG_WARN_INT_CONVERSION = YES;
				CLANG_WARN_OBJC_ROOT_CLASS = YES_ERROR;
				CLANG_WARN_SUSPICIOUS_MOVE = YES;
				CLANG_WARN_UNREACHABLE_CODE = YES;
				CLANG_WARN__DUPLICATE_METHOD_MATCH = YES;
				"CODE_SIGN_IDENTITY[sdk=iphoneos*]" = "iPhone Developer";
				COPY_PHASE_STRIP = NO;
				DEBUG_INFORMATION_FORMAT = dwarf;
				ENABLE_STRICT_OBJC_MSGSEND = YES;
				ENABLE_TESTABILITY = YES;
				GCC_C_LANGUAGE_STANDARD = gnu99;
				GCC_DYNAMIC_NO_PIC = NO;
				GCC_NO_COMMON_BLOCKS = YES;
				GCC_OPTIMIZATION_LEVEL = 0;
				GCC_PREPROCESSOR_DEFINITIONS = (
					"DEBUG=1",
					"$(inherited)",
				);
				GCC_WARN_64_TO_32_BIT_CONVERSION = YES;
				GCC_WARN_ABOUT_RETURN_TYPE = YES_ERROR;
				GCC_WARN_UNDECLARED_SELECTOR = YES;
				GCC_WARN_UNINITIALIZED_AUTOS = YES_AGGRESSIVE;
				GCC_WARN_UNUSED_FUNCTION = YES;
				GCC_WARN_UNUSED_VARIABLE = YES;
				IPHONEOS_DEPLOYMENT_TARGET = 10.2;
				MTL_ENABLE_DEBUG_INFO = YES;
				ONLY_ACTIVE_ARCH = YES;
				SDKROOT = iphoneos;
			};
			name = Debug;
		};
		40B0C6AE1E65266400BA3D11 /* Release */ = {
			isa = XCBuildConfiguration;
			buildSettings = {
				ALWAYS_SEARCH_USER_PATHS = NO;
				CLANG_ANALYZER_NONNULL = YES;
				CLANG_CXX_LANGUAGE_STANDARD = "gnu++0x";
				CLANG_CXX_LIBRARY = "libc++";
				CLANG_ENABLE_MODULES = YES;
				CLANG_ENABLE_OBJC_ARC = YES;
				CLANG_WARN_BOOL_CONVERSION = YES;
				CLANG_WARN_CONSTANT_CONVERSION = YES;
				CLANG_WARN_DIRECT_OBJC_ISA_USAGE = YES_ERROR;
				CLANG_WARN_DOCUMENTATION_COMMENTS = YES;
				CLANG_WARN_EMPTY_BODY = YES;
				CLANG_WARN_ENUM_CONVERSION = YES;
				CLANG_WARN_INFINITE_RECURSION = YES;
				CLANG_WARN_INT_CONVERSION = YES;
				CLANG_WARN_OBJC_ROOT_CLASS = YES_ERROR;
				CLANG_WARN_SUSPICIOUS_MOVE = YES;
				CLANG_WARN_UNREACHABLE_CODE = YES;
				CLANG_WARN__DUPLICATE_METHOD_MATCH = YES;
				"CODE_SIGN_IDENTITY[sdk=iphoneos*]" = "iPhone Developer";
				COPY_PHASE_STRIP = NO;
				DEBUG_INFORMATION_FORMAT = "dwarf-with-dsym";
				ENABLE_NS_ASSERTIONS = NO;
				ENABLE_STRICT_OBJC_MSGSEND = YES;
				GCC_C_LANGUAGE_STANDARD = gnu99;
				GCC_NO_COMMON_BLOCKS = YES;
				GCC_WARN_64_TO_32_BIT_CONVERSION = YES;
				GCC_WARN_ABOUT_RETURN_TYPE = YES_ERROR;
				GCC_WARN_UNDECLARED_SELECTOR = YES;
				GCC_WARN_UNINITIALIZED_AUTOS = YES_AGGRESSIVE;
				GCC_WARN_UNUSED_FUNCTION = YES;
				GCC_WARN_UNUSED_VARIABLE = YES;
				IPHONEOS_DEPLOYMENT_TARGET = 10.2;
				MTL_ENABLE_DEBUG_INFO = NO;
				SDKROOT = iphoneos;
				VALIDATE_PRODUCT = YES;
			};
			name = Release;
		};
		40B0C6B01E65266400BA3D11 /* Debug */ = {
			isa = XCBuildConfiguration;
			buildSettings = {
				ASSETCATALOG_COMPILER_APPICON_NAME = AppIcon;
				INFOPLIST_FILE = DelegateTest/Info.plist;
				LD_RUNPATH_SEARCH_PATHS = "$(inherited) @executable_path/Frameworks";
				PRODUCT_BUNDLE_IDENTIFIER = com.greenlaw.DelegateTest;
				PRODUCT_NAME = "$(TARGET_NAME)";
			};
			name = Debug;
		};
		40B0C6B11E65266400BA3D11 /* Release */ = {
			isa = XCBuildConfiguration;
			buildSettings = {
				ASSETCATALOG_COMPILER_APPICON_NAME = AppIcon;
				INFOPLIST_FILE = DelegateTest/Info.plist;
				LD_RUNPATH_SEARCH_PATHS = "$(inherited) @executable_path/Frameworks";
				PRODUCT_BUNDLE_IDENTIFIER = com.greenlaw.DelegateTest;
				PRODUCT_NAME = "$(TARGET_NAME)";
			};
			name = Release;
		};
/* End XCBuildConfiguration section */

/* Begin XCConfigurationList section */
		40B0C6931E65266400BA3D11 /* Build configuration list for PBXProject "DelegateTest" */ = {
			isa = XCConfigurationList;
			buildConfigurations = (
				40B0C6AD1E65266400BA3D11 /* Debug */,
				40B0C6AE1E65266400BA3D11 /* Release */,
			);
			defaultConfigurationIsVisible = 0;
			defaultConfigurationName = Release;
		};
		40B0C6AF1E65266400BA3D11 /* Build configuration list for PBXNativeTarget "DelegateTest" */ = {
			isa = XCConfigurationList;
			buildConfigurations = (
				40B0C6B01E65266400BA3D11 /* Debug */,
				40B0C6B11E65266400BA3D11 /* Release */,
			);
			defaultConfigurationIsVisible = 0;
			defaultConfigurationName = Release;
		};
/* End XCConfigurationList section */
	};
	rootObject = 40B0C6901E65266400BA3D11 /* Project object */;
}
